
Microsoft Visual Studio Solution File, Format Version 12.00
# Visual Studio Version 17
VisualStudioVersion = 17.12.35527.113
MinimumVisualStudioVersion = 10.0.40219.1
Project("{FAE04EC0-301F-11D3-BF4B-00C04F79EFBC}") = "WebApplication1", "WebApplication1\WebApplication1.csproj", "{CFBA367F-A6EB-4BCC-83F1-2F45968CFF19}"
EndProject
Project("{FAE04EC0-301F-11D3-BF4B-00C04F79EFBC}") = "Auth", "Auth\Auth.csproj", "{F0D9B7C2-0F44-4041-9568-170D0AF8B23B}"
EndProject
Global
	GlobalSection(SolutionConfigurationPlatforms) = preSolution
		Debug|Any CPU = Debug|Any CPU
		Release|Any CPU = Release|Any CPU
	EndGlobalSection
	GlobalSection(ProjectConfigurationPlatforms) = postSolution
		{CFBA367F-A6EB-4BCC-83F1-2F45968CFF19}.Debug|Any CPU.ActiveCfg = Debug|Any CPU
		{CFBA367F-A6EB-4BCC-83F1-2F45968CFF19}.Debug|Any CPU.Build.0 = Debug|Any CPU
		{CFBA367F-A6EB-4BCC-83F1-2F45968CFF19}.Release|Any CPU.ActiveCfg = Release|Any CPU
		{CFBA367F-A6EB-4BCC-83F1-2F45968CFF19}.Release|Any CPU.Build.0 = Release|Any CPU
		{F0D9B7C2-0F44-4041-9568-170D0AF8B23B}.Debug|Any CPU.ActiveCfg = Debug|Any CPU
		{F0D9B7C2-0F44-4041-9568-170D0AF8B23B}.Debug|Any CPU.Build.0 = Debug|Any CPU
		{F0D9B7C2-0F44-4041-9568-170D0AF8B23B}.Release|Any CPU.ActiveCfg = Release|Any CPU
		{F0D9B7C2-0F44-4041-9568-170D0AF8B23B}.Release|Any CPU.Build.0 = Release|Any CPU
	EndGlobalSection
	GlobalSection(SolutionProperties) = preSolution
		HideSolutionNode = FALSE
	EndGlobalSection
EndGlobal
